
Microsoft Visual Studio Solution File, Format Version 12.00
# Visual Studio Version 17
VisualStudioVersion = 17.0.32002.185
MinimumVisualStudioVersion = 10.0.40219.1
Project("{2150E333-8FDC-42A3-9474-1A3956D46DE8}") = "Solution Items", "Solution Items", "{018578ED-F091-4325-93D9-4FFBD6850BA0}"
	ProjectSection(SolutionItems) = preProject
		readme.md = readme.md
	EndProjectSection
EndProject
Project("{9A19103F-16F7-4668-BE54-9A1E7A4F7556}") = "1.UseSwagger.Net3.1", "Swagger\1.UseSwagger.Net3.1\1.UseSwagger.Net3.1.csproj", "{76656CC2-1781-4249-A80C-0D73ACB7FA80}"
EndProject
Project("{2150E333-8FDC-42A3-9474-1A3956D46DE8}") = "Swagger", "Swagger", "{C07086EF-AA9D-48F4-A94B-96610A63784E}"
EndProject
Project("{9A19103F-16F7-4668-BE54-9A1E7A4F7556}") = "3.UseSwaggerWithVersions", "Swagger\3.UseSwaggerWithVersions\3.UseSwaggerWithVersions.csproj", "{E23BC350-2A41-4BBA-81D1-EE03DF2E8770}"
EndProject
Project("{9A19103F-16F7-4668-BE54-9A1E7A4F7556}") = "2.UseSwagger.Net5", "Swagger\2.UseSwagger.Net5\2.UseSwagger.Net5.csproj", "{77693A82-6321-40E4-9815-B55578275A88}"
EndProject
Project("{9A19103F-16F7-4668-BE54-9A1E7A4F7556}") = "UseMiniProfiler", "UseMiniProfiler\UseMiniProfiler.csproj", "{0F413E11-A3B9-407B-B35F-25E388987AB7}"
EndProject
Project("{9A19103F-16F7-4668-BE54-9A1E7A4F7556}") = "FilterTest", "FilterTest\FilterTest.csproj", "{7F200A83-8869-42C5-801A-9497F7D0FD5E}"
EndProject
Project("{9A19103F-16F7-4668-BE54-9A1E7A4F7556}") = "4.UseSwagger.UseJWT", "Swagger\4.UseSwagger.UseJWT\4.UseSwagger.UseJWT.csproj", "{67E5ED4D-67B1-4C40-8B3C-F5785314A3CB}"
EndProject
Project("{9A19103F-16F7-4668-BE54-9A1E7A4F7556}") = "JWT.Server", "JWT\JWT.Server\JWT.Server.csproj", "{74065E36-0A83-46D6-9BAB-55E159D2EC53}"
EndProject
Project("{2150E333-8FDC-42A3-9474-1A3956D46DE8}") = "JWT", "JWT", "{960DC28A-29EC-4169-B837-05CF9D1821EF}"
EndProject
Project("{9A19103F-16F7-4668-BE54-9A1E7A4F7556}") = "JWT.DemoApi", "JWT\JWT.DemoApi\JWT.DemoApi.csproj", "{6AD8276D-5028-4076-9B5E-DCD2365695B2}"
EndProject
Project("{2150E333-8FDC-42A3-9474-1A3956D46DE8}") = "SignalR", "SignalR", "{DA69EE65-074F-4F30-A38C-51543D3ED2A8}"
EndProject
Project("{9A19103F-16F7-4668-BE54-9A1E7A4F7556}") = "SignalR.Server", "SignalR\SignalR.Server\SignalR.Server.csproj", "{81111214-E558-412A-BE40-1AE8F99EEE61}"
EndProject
Project("{2150E333-8FDC-42A3-9474-1A3956D46DE8}") = "OAuth", "OAuth", "{F098C612-105C-492F-8D36-DA57411EA18B}"
EndProject
Project("{9A19103F-16F7-4668-BE54-9A1E7A4F7556}") = "OAuth.Server", "OAuth\JWT.Server\OAuth.Server.csproj", "{1CA1A70A-485A-4661-8CA3-B0AD70B2C263}"
EndProject
Project("{9A19103F-16F7-4668-BE54-9A1E7A4F7556}") = "OAuth.Client", "OAuth\OAuth.Client\OAuth.Client.csproj", "{28B8E81B-06B5-470D-BF37-8B72E75DBD4D}"
EndProject
Project("{2150E333-8FDC-42A3-9474-1A3956D46DE8}") = "ASP.NETCoreMini", "ASP.NETCoreMini", "{9B4E95D8-F5FE-4683-A59E-4B8756B3268C}"
EndProject
Project("{9A19103F-16F7-4668-BE54-9A1E7A4F7556}") = "ASP.NETCoreMini.Core", "ASP.NETCoreMini\ASP.NETCoreMini.Core\ASP.NETCoreMini.Core.csproj", "{B730008F-CA8A-4090-B094-7D352A845531}"
EndProject
Project("{9A19103F-16F7-4668-BE54-9A1E7A4F7556}") = "ASP.NETCoreMini.Server", "ASP.NETCoreMini\ASP.NETCoreMini.Server\ASP.NETCoreMini.Server.csproj", "{D08E428D-71DF-4C9D-97B7-3E7921FC7CDA}"
EndProject
Project("{9A19103F-16F7-4668-BE54-9A1E7A4F7556}") = "Cache", "MemoryCache\Cache.csproj", "{94A26FEA-6069-442A-88A2-EC750DA0F0E9}"
EndProject
Global
	GlobalSection(SolutionConfigurationPlatforms) = preSolution
		Debug|Any CPU = Debug|Any CPU
		Release|Any CPU = Release|Any CPU
	EndGlobalSection
	GlobalSection(ProjectConfigurationPlatforms) = postSolution
		{76656CC2-1781-4249-A80C-0D73ACB7FA80}.Debug|Any CPU.ActiveCfg = Debug|Any CPU
		{76656CC2-1781-4249-A80C-0D73ACB7FA80}.Debug|Any CPU.Build.0 = Debug|Any CPU
		{76656CC2-1781-4249-A80C-0D73ACB7FA80}.Release|Any CPU.ActiveCfg = Release|Any CPU
		{76656CC2-1781-4249-A80C-0D73ACB7FA80}.Release|Any CPU.Build.0 = Release|Any CPU
		{E23BC350-2A41-4BBA-81D1-EE03DF2E8770}.Debug|Any CPU.ActiveCfg = Debug|Any CPU
		{E23BC350-2A41-4BBA-81D1-EE03DF2E8770}.Debug|Any CPU.Build.0 = Debug|Any CPU
		{E23BC350-2A41-4BBA-81D1-EE03DF2E8770}.Release|Any CPU.ActiveCfg = Release|Any CPU
		{E23BC350-2A41-4BBA-81D1-EE03DF2E8770}.Release|Any CPU.Build.0 = Release|Any CPU
		{77693A82-6321-40E4-9815-B55578275A88}.Debug|Any CPU.ActiveCfg = Debug|Any CPU
		{77693A82-6321-40E4-9815-B55578275A88}.Debug|Any CPU.Build.0 = Debug|Any CPU
		{77693A82-6321-40E4-9815-B55578275A88}.Release|Any CPU.ActiveCfg = Release|Any CPU
		{77693A82-6321-40E4-9815-B55578275A88}.Release|Any CPU.Build.0 = Release|Any CPU
		{0F413E11-A3B9-407B-B35F-25E388987AB7}.Debug|Any CPU.ActiveCfg = Debug|Any CPU
		{0F413E11-A3B9-407B-B35F-25E388987AB7}.Debug|Any CPU.Build.0 = Debug|Any CPU
		{0F413E11-A3B9-407B-B35F-25E388987AB7}.Release|Any CPU.ActiveCfg = Release|Any CPU
		{0F413E11-A3B9-407B-B35F-25E388987AB7}.Release|Any CPU.Build.0 = Release|Any CPU
		{7F200A83-8869-42C5-801A-9497F7D0FD5E}.Debug|Any CPU.ActiveCfg = Debug|Any CPU
		{7F200A83-8869-42C5-801A-9497F7D0FD5E}.Debug|Any CPU.Build.0 = Debug|Any CPU
		{7F200A83-8869-42C5-801A-9497F7D0FD5E}.Release|Any CPU.ActiveCfg = Release|Any CPU
		{7F200A83-8869-42C5-801A-9497F7D0FD5E}.Release|Any CPU.Build.0 = Release|Any CPU
		{67E5ED4D-67B1-4C40-8B3C-F5785314A3CB}.Debug|Any CPU.ActiveCfg = Debug|Any CPU
		{67E5ED4D-67B1-4C40-8B3C-F5785314A3CB}.Debug|Any CPU.Build.0 = Debug|Any CPU
		{67E5ED4D-67B1-4C40-8B3C-F5785314A3CB}.Release|Any CPU.ActiveCfg = Release|Any CPU
		{67E5ED4D-67B1-4C40-8B3C-F5785314A3CB}.Release|Any CPU.Build.0 = Release|Any CPU
		{74065E36-0A83-46D6-9BAB-55E159D2EC53}.Debug|Any CPU.ActiveCfg = Debug|Any CPU
		{74065E36-0A83-46D6-9BAB-55E159D2EC53}.Debug|Any CPU.Build.0 = Debug|Any CPU
		{74065E36-0A83-46D6-9BAB-55E159D2EC53}.Release|Any CPU.ActiveCfg = Release|Any CPU
		{74065E36-0A83-46D6-9BAB-55E159D2EC53}.Release|Any CPU.Build.0 = Release|Any CPU
		{6AD8276D-5028-4076-9B5E-DCD2365695B2}.Debug|Any CPU.ActiveCfg = Debug|Any CPU
		{6AD8276D-5028-4076-9B5E-DCD2365695B2}.Debug|Any CPU.Build.0 = Debug|Any CPU
		{6AD8276D-5028-4076-9B5E-DCD2365695B2}.Release|Any CPU.ActiveCfg = Release|Any CPU
		{6AD8276D-5028-4076-9B5E-DCD2365695B2}.Release|Any CPU.Build.0 = Release|Any CPU
		{81111214-E558-412A-BE40-1AE8F99EEE61}.Debug|Any CPU.ActiveCfg = Debug|Any CPU
		{81111214-E558-412A-BE40-1AE8F99EEE61}.Debug|Any CPU.Build.0 = Debug|Any CPU
		{81111214-E558-412A-BE40-1AE8F99EEE61}.Release|Any CPU.ActiveCfg = Release|Any CPU
		{81111214-E558-412A-BE40-1AE8F99EEE61}.Release|Any CPU.Build.0 = Release|Any CPU
		{1CA1A70A-485A-4661-8CA3-B0AD70B2C263}.Debug|Any CPU.ActiveCfg = Debug|Any CPU
		{1CA1A70A-485A-4661-8CA3-B0AD70B2C263}.Debug|Any CPU.Build.0 = Debug|Any CPU
		{1CA1A70A-485A-4661-8CA3-B0AD70B2C263}.Release|Any CPU.ActiveCfg = Release|Any CPU
		{1CA1A70A-485A-4661-8CA3-B0AD70B2C263}.Release|Any CPU.Build.0 = Release|Any CPU
		{28B8E81B-06B5-470D-BF37-8B72E75DBD4D}.Debug|Any CPU.ActiveCfg = Debug|Any CPU
		{28B8E81B-06B5-470D-BF37-8B72E75DBD4D}.Debug|Any CPU.Build.0 = Debug|Any CPU
		{28B8E81B-06B5-470D-BF37-8B72E75DBD4D}.Release|Any CPU.ActiveCfg = Release|Any CPU
		{28B8E81B-06B5-470D-BF37-8B72E75DBD4D}.Release|Any CPU.Build.0 = Release|Any CPU
		{B730008F-CA8A-4090-B094-7D352A845531}.Debug|Any CPU.ActiveCfg = Debug|Any CPU
		{B730008F-CA8A-4090-B094-7D352A845531}.Debug|Any CPU.Build.0 = Debug|Any CPU
		{B730008F-CA8A-4090-B094-7D352A845531}.Release|Any CPU.ActiveCfg = Release|Any CPU
		{B730008F-CA8A-4090-B094-7D352A845531}.Release|Any CPU.Build.0 = Release|Any CPU
		{D08E428D-71DF-4C9D-97B7-3E7921FC7CDA}.Debug|Any CPU.ActiveCfg = Debug|Any CPU
		{D08E428D-71DF-4C9D-97B7-3E7921FC7CDA}.Debug|Any CPU.Build.0 = Debug|Any CPU
		{D08E428D-71DF-4C9D-97B7-3E7921FC7CDA}.Release|Any CPU.ActiveCfg = Release|Any CPU
		{D08E428D-71DF-4C9D-97B7-3E7921FC7CDA}.Release|Any CPU.Build.0 = Release|Any CPU
		{94A26FEA-6069-442A-88A2-EC750DA0F0E9}.Debug|Any CPU.ActiveCfg = Debug|Any CPU
		{94A26FEA-6069-442A-88A2-EC750DA0F0E9}.Debug|Any CPU.Build.0 = Debug|Any CPU
		{94A26FEA-6069-442A-88A2-EC750DA0F0E9}.Release|Any CPU.ActiveCfg = Release|Any CPU
		{94A26FEA-6069-442A-88A2-EC750DA0F0E9}.Release|Any CPU.Build.0 = Release|Any CPU
	EndGlobalSection
	GlobalSection(SolutionProperties) = preSolution
		HideSolutionNode = FALSE
	EndGlobalSection
	GlobalSection(NestedProjects) = preSolution
		{76656CC2-1781-4249-A80C-0D73ACB7FA80} = {C07086EF-AA9D-48F4-A94B-96610A63784E}
		{E23BC350-2A41-4BBA-81D1-EE03DF2E8770} = {C07086EF-AA9D-48F4-A94B-96610A63784E}
		{77693A82-6321-40E4-9815-B55578275A88} = {C07086EF-AA9D-48F4-A94B-96610A63784E}
		{67E5ED4D-67B1-4C40-8B3C-F5785314A3CB} = {C07086EF-AA9D-48F4-A94B-96610A63784E}
		{74065E36-0A83-46D6-9BAB-55E159D2EC53} = {960DC28A-29EC-4169-B837-05CF9D1821EF}
		{6AD8276D-5028-4076-9B5E-DCD2365695B2} = {960DC28A-29EC-4169-B837-05CF9D1821EF}
		{81111214-E558-412A-BE40-1AE8F99EEE61} = {DA69EE65-074F-4F30-A38C-51543D3ED2A8}
		{1CA1A70A-485A-4661-8CA3-B0AD70B2C263} = {F098C612-105C-492F-8D36-DA57411EA18B}
		{28B8E81B-06B5-470D-BF37-8B72E75DBD4D} = {F098C612-105C-492F-8D36-DA57411EA18B}
		{B730008F-CA8A-4090-B094-7D352A845531} = {9B4E95D8-F5FE-4683-A59E-4B8756B3268C}
		{D08E428D-71DF-4C9D-97B7-3E7921FC7CDA} = {9B4E95D8-F5FE-4683-A59E-4B8756B3268C}
	EndGlobalSection
	GlobalSection(ExtensibilityGlobals) = postSolution
		SolutionGuid = {127502C8-4FF0-4CA3-A89A-4F34D2A065D7}
	EndGlobalSection
EndGlobal
